
Microsoft Visual Studio Solution File, Format Version 12.00
# Visual Studio Version 17
VisualStudioVersion = 17.4.33213.308
MinimumVisualStudioVersion = 10.0.40219.1
Project("{9A19103F-16F7-4668-BE54-9A1E7A4F7556}") = "BDInfo", "BDInfo\BDInfo.csproj", "{3209AF1D-4762-4960-9DE5-13E90E77EE96}"
EndProject
Project("{9A19103F-16F7-4668-BE54-9A1E7A4F7556}") = "BDInfoGUI", "BDInfoGUI\BDInfoGUI.csproj", "{EB52CADC-B40A-4645-A119-6F68146FC2DC}"
	ProjectSection(ProjectDependencies) = postProject
		{3209AF1D-4762-4960-9DE5-13E90E77EE96} = {3209AF1D-4762-4960-9DE5-13E90E77EE96}
		{DD0EC28A-C62E-4673-BDA6-4FD74E9592AE} = {DD0EC28A-C62E-4673-BDA6-4FD74E9592AE}
	EndProjectSection
EndProject
Project("{9A19103F-16F7-4668-BE54-9A1E7A4F7556}") = "SampleCopy", "SampleCopy\SampleCopy.csproj", "{DD0EC28A-C62E-4673-BDA6-4FD74E9592AE}"
	ProjectSection(ProjectDependencies) = postProject
		{3209AF1D-4762-4960-9DE5-13E90E77EE96} = {3209AF1D-4762-4960-9DE5-13E90E77EE96}
	EndProjectSection
EndProject
Global
	GlobalSection(SolutionConfigurationPlatforms) = preSolution
		Beta|Any CPU = Beta|Any CPU
		Debug|Any CPU = Debug|Any CPU
		Release|Any CPU = Release|Any CPU
	EndGlobalSection
	GlobalSection(ProjectConfigurationPlatforms) = postSolution
		{3209AF1D-4762-4960-9DE5-13E90E77EE96}.Beta|Any CPU.ActiveCfg = Beta|Any CPU
		{3209AF1D-4762-4960-9DE5-13E90E77EE96}.Beta|Any CPU.Build.0 = Beta|Any CPU
		{3209AF1D-4762-4960-9DE5-13E90E77EE96}.Debug|Any CPU.ActiveCfg = Debug|Any CPU
		{3209AF1D-4762-4960-9DE5-13E90E77EE96}.Debug|Any CPU.Build.0 = Debug|Any CPU
		{3209AF1D-4762-4960-9DE5-13E90E77EE96}.Release|Any CPU.ActiveCfg = Release|Any CPU
		{3209AF1D-4762-4960-9DE5-13E90E77EE96}.Release|Any CPU.Build.0 = Release|Any CPU
		{EB52CADC-B40A-4645-A119-6F68146FC2DC}.Beta|Any CPU.ActiveCfg = Beta|Any CPU
		{EB52CADC-B40A-4645-A119-6F68146FC2DC}.Beta|Any CPU.Build.0 = Beta|Any CPU
		{EB52CADC-B40A-4645-A119-6F68146FC2DC}.Debug|Any CPU.ActiveCfg = Debug|Any CPU
		{EB52CADC-B40A-4645-A119-6F68146FC2DC}.Debug|Any CPU.Build.0 = Debug|Any CPU
		{EB52CADC-B40A-4645-A119-6F68146FC2DC}.Release|Any CPU.ActiveCfg = Release|Any CPU
		{EB52CADC-B40A-4645-A119-6F68146FC2DC}.Release|Any CPU.Build.0 = Release|Any CPU
		{DD0EC28A-C62E-4673-BDA6-4FD74E9592AE}.Beta|Any CPU.ActiveCfg = Beta|Any CPU
		{DD0EC28A-C62E-4673-BDA6-4FD74E9592AE}.Beta|Any CPU.Build.0 = Beta|Any CPU
		{DD0EC28A-C62E-4673-BDA6-4FD74E9592AE}.Debug|Any CPU.ActiveCfg = Debug|Any CPU
		{DD0EC28A-C62E-4673-BDA6-4FD74E9592AE}.Debug|Any CPU.Build.0 = Debug|Any CPU
		{DD0EC28A-C62E-4673-BDA6-4FD74E9592AE}.Release|Any CPU.ActiveCfg = Release|Any CPU
		{DD0EC28A-C62E-4673-BDA6-4FD74E9592AE}.Release|Any CPU.Build.0 = Release|Any CPU
	EndGlobalSection
	GlobalSection(SolutionProperties) = preSolution
		HideSolutionNode = FALSE
	EndGlobalSection
	GlobalSection(ExtensibilityGlobals) = postSolution
		SolutionGuid = {105479AD-3870-437C-8F51-BE80D2A1426D}
	EndGlobalSection
EndGlobal
