
Microsoft Visual Studio Solution File, Format Version 12.00
# Visual Studio Version 16
VisualStudioVersion = 16.0.29905.134
MinimumVisualStudioVersion = 10.0.40219.1
Project("{FAE04EC0-301F-11D3-BF4B-00C04F79EFBC}") = "BDInfo", "BDInfo\BDInfo.csproj", "{3209AF1D-4762-4960-9DE5-13E90E77EE96}"
EndProject
Global
	GlobalSection(SolutionConfigurationPlatforms) = preSolution
		Beta|Any CPU = Beta|Any CPU
		Debug|Any CPU = Debug|Any CPU
		Release|Any CPU = Release|Any CPU
	EndGlobalSection
	GlobalSection(ProjectConfigurationPlatforms) = postSolution
		{3209AF1D-4762-4960-9DE5-13E90E77EE96}.Beta|Any CPU.ActiveCfg = Beta|Any CPU
		{3209AF1D-4762-4960-9DE5-13E90E77EE96}.Beta|Any CPU.Build.0 = Beta|Any CPU
		{3209AF1D-4762-4960-9DE5-13E90E77EE96}.Debug|Any CPU.ActiveCfg = Debug|Any CPU
		{3209AF1D-4762-4960-9DE5-13E90E77EE96}.Debug|Any CPU.Build.0 = Debug|Any CPU
		{3209AF1D-4762-4960-9DE5-13E90E77EE96}.Release|Any CPU.ActiveCfg = Release|Any CPU
		{3209AF1D-4762-4960-9DE5-13E90E77EE96}.Release|Any CPU.Build.0 = Release|Any CPU
	EndGlobalSection
	GlobalSection(SolutionProperties) = preSolution
		HideSolutionNode = FALSE
	EndGlobalSection
	GlobalSection(ExtensibilityGlobals) = postSolution
		SolutionGuid = {055192EF-E6AD-4505-AA9B-9FB4F2CB2EA6}
	EndGlobalSection
EndGlobal
