
Microsoft Visual Studio Solution File, Format Version 12.00
# Visual Studio Version 17
VisualStudioVersion = 17.4.33213.308
MinimumVisualStudioVersion = 10.0.40219.1
Project("{9A19103F-16F7-4668-BE54-9A1E7A4F7556}") = "BDInfoGUI", "BDInfoGUI\BDInfoGUI.csproj", "{EB52CADC-B40A-4645-A119-6F68146FC2DC}"
	ProjectSection(ProjectDependencies) = postProject
		{DD0EC28A-C62E-4673-BDA6-4FD74E9592AE} = {DD0EC28A-C62E-4673-BDA6-4FD74E9592AE}
	EndProjectSection
EndProject
Project("{9A19103F-16F7-4668-BE54-9A1E7A4F7556}") = "SampleCopy", "SampleCopy\SampleCopy.csproj", "{DD0EC28A-C62E-4673-BDA6-4FD74E9592AE}"
EndProject
Project("{9A19103F-16F7-4668-BE54-9A1E7A4F7556}") = "BDInfoLib", "BDInfo\BDInfoLib.csproj", "{729D7932-519E-4BE2-BF1D-6BC8FBA150A6}"
EndProject
Project("{9A19103F-16F7-4668-BE54-9A1E7A4F7556}") = "BDInfoAV", "BDInfoAV\BDInfoAV.csproj", "{C8021F0D-CC7C-4CB3-A4C1-9D862ADE415F}"
EndProject
Global
	GlobalSection(SolutionConfigurationPlatforms) = preSolution
		Beta|Any CPU = Beta|Any CPU
		Beta|ARM64 = Beta|ARM64
		Beta|x64 = Beta|x64
		Debug|Any CPU = Debug|Any CPU
		Debug|ARM64 = Debug|ARM64
		Debug|x64 = Debug|x64
		Release|Any CPU = Release|Any CPU
		Release|ARM64 = Release|ARM64
		Release|x64 = Release|x64
	EndGlobalSection
	GlobalSection(ProjectConfigurationPlatforms) = postSolution
		{EB52CADC-B40A-4645-A119-6F68146FC2DC}.Beta|Any CPU.ActiveCfg = Beta|Any CPU
		{EB52CADC-B40A-4645-A119-6F68146FC2DC}.Beta|ARM64.ActiveCfg = Beta|ARM64
		{EB52CADC-B40A-4645-A119-6F68146FC2DC}.Beta|x64.ActiveCfg = Beta|x64
		{EB52CADC-B40A-4645-A119-6F68146FC2DC}.Debug|Any CPU.ActiveCfg = Debug|Any CPU
		{EB52CADC-B40A-4645-A119-6F68146FC2DC}.Debug|ARM64.ActiveCfg = Debug|ARM64
		{EB52CADC-B40A-4645-A119-6F68146FC2DC}.Debug|x64.ActiveCfg = Debug|x64
		{EB52CADC-B40A-4645-A119-6F68146FC2DC}.Release|Any CPU.ActiveCfg = Release|Any CPU
		{EB52CADC-B40A-4645-A119-6F68146FC2DC}.Release|ARM64.ActiveCfg = Release|ARM64
		{EB52CADC-B40A-4645-A119-6F68146FC2DC}.Release|x64.ActiveCfg = Release|x64
		{DD0EC28A-C62E-4673-BDA6-4FD74E9592AE}.Beta|Any CPU.ActiveCfg = Beta|Any CPU
		{DD0EC28A-C62E-4673-BDA6-4FD74E9592AE}.Beta|ARM64.ActiveCfg = Beta|Any CPU
		{DD0EC28A-C62E-4673-BDA6-4FD74E9592AE}.Beta|x64.ActiveCfg = Beta|Any CPU
		{DD0EC28A-C62E-4673-BDA6-4FD74E9592AE}.Debug|Any CPU.ActiveCfg = Debug|Any CPU
		{DD0EC28A-C62E-4673-BDA6-4FD74E9592AE}.Debug|Any CPU.Build.0 = Debug|Any CPU
		{DD0EC28A-C62E-4673-BDA6-4FD74E9592AE}.Debug|ARM64.ActiveCfg = Debug|ARM64
		{DD0EC28A-C62E-4673-BDA6-4FD74E9592AE}.Debug|ARM64.Build.0 = Debug|ARM64
		{DD0EC28A-C62E-4673-BDA6-4FD74E9592AE}.Debug|x64.ActiveCfg = Debug|x64
		{DD0EC28A-C62E-4673-BDA6-4FD74E9592AE}.Debug|x64.Build.0 = Debug|x64
		{DD0EC28A-C62E-4673-BDA6-4FD74E9592AE}.Release|Any CPU.ActiveCfg = Release|Any CPU
		{DD0EC28A-C62E-4673-BDA6-4FD74E9592AE}.Release|ARM64.ActiveCfg = Release|Any CPU
		{DD0EC28A-C62E-4673-BDA6-4FD74E9592AE}.Release|x64.ActiveCfg = Release|Any CPU
		{729D7932-519E-4BE2-BF1D-6BC8FBA150A6}.Beta|Any CPU.ActiveCfg = Beta|Any CPU
		{729D7932-519E-4BE2-BF1D-6BC8FBA150A6}.Beta|Any CPU.Build.0 = Beta|Any CPU
		{729D7932-519E-4BE2-BF1D-6BC8FBA150A6}.Beta|ARM64.ActiveCfg = Beta|ARM64
		{729D7932-519E-4BE2-BF1D-6BC8FBA150A6}.Beta|ARM64.Build.0 = Beta|ARM64
		{729D7932-519E-4BE2-BF1D-6BC8FBA150A6}.Beta|x64.ActiveCfg = Beta|x64
		{729D7932-519E-4BE2-BF1D-6BC8FBA150A6}.Beta|x64.Build.0 = Beta|x64
		{729D7932-519E-4BE2-BF1D-6BC8FBA150A6}.Debug|Any CPU.ActiveCfg = Debug|Any CPU
		{729D7932-519E-4BE2-BF1D-6BC8FBA150A6}.Debug|Any CPU.Build.0 = Debug|Any CPU
		{729D7932-519E-4BE2-BF1D-6BC8FBA150A6}.Debug|ARM64.ActiveCfg = Debug|ARM64
		{729D7932-519E-4BE2-BF1D-6BC8FBA150A6}.Debug|ARM64.Build.0 = Debug|ARM64
		{729D7932-519E-4BE2-BF1D-6BC8FBA150A6}.Debug|x64.ActiveCfg = Debug|x64
		{729D7932-519E-4BE2-BF1D-6BC8FBA150A6}.Debug|x64.Build.0 = Debug|x64
		{729D7932-519E-4BE2-BF1D-6BC8FBA150A6}.Release|Any CPU.ActiveCfg = Release|Any CPU
		{729D7932-519E-4BE2-BF1D-6BC8FBA150A6}.Release|Any CPU.Build.0 = Release|Any CPU
		{729D7932-519E-4BE2-BF1D-6BC8FBA150A6}.Release|ARM64.ActiveCfg = Release|ARM64
		{729D7932-519E-4BE2-BF1D-6BC8FBA150A6}.Release|ARM64.Build.0 = Release|ARM64
		{729D7932-519E-4BE2-BF1D-6BC8FBA150A6}.Release|x64.ActiveCfg = Release|x64
		{729D7932-519E-4BE2-BF1D-6BC8FBA150A6}.Release|x64.Build.0 = Release|x64
		{C8021F0D-CC7C-4CB3-A4C1-9D862ADE415F}.Beta|Any CPU.ActiveCfg = Beta|Any CPU
		{C8021F0D-CC7C-4CB3-A4C1-9D862ADE415F}.Beta|Any CPU.Build.0 = Beta|Any CPU
		{C8021F0D-CC7C-4CB3-A4C1-9D862ADE415F}.Beta|ARM64.ActiveCfg = Beta|ARM64
		{C8021F0D-CC7C-4CB3-A4C1-9D862ADE415F}.Beta|ARM64.Build.0 = Beta|ARM64
		{C8021F0D-CC7C-4CB3-A4C1-9D862ADE415F}.Beta|x64.ActiveCfg = Beta|x64
		{C8021F0D-CC7C-4CB3-A4C1-9D862ADE415F}.Beta|x64.Build.0 = Beta|x64
		{C8021F0D-CC7C-4CB3-A4C1-9D862ADE415F}.Debug|Any CPU.ActiveCfg = Debug|Any CPU
		{C8021F0D-CC7C-4CB3-A4C1-9D862ADE415F}.Debug|Any CPU.Build.0 = Debug|Any CPU
		{C8021F0D-CC7C-4CB3-A4C1-9D862ADE415F}.Debug|ARM64.ActiveCfg = Debug|ARM64
		{C8021F0D-CC7C-4CB3-A4C1-9D862ADE415F}.Debug|ARM64.Build.0 = Debug|ARM64
		{C8021F0D-CC7C-4CB3-A4C1-9D862ADE415F}.Debug|x64.ActiveCfg = Debug|x64
		{C8021F0D-CC7C-4CB3-A4C1-9D862ADE415F}.Debug|x64.Build.0 = Debug|x64
		{C8021F0D-CC7C-4CB3-A4C1-9D862ADE415F}.Release|Any CPU.ActiveCfg = Release|Any CPU
		{C8021F0D-CC7C-4CB3-A4C1-9D862ADE415F}.Release|Any CPU.Build.0 = Release|Any CPU
		{C8021F0D-CC7C-4CB3-A4C1-9D862ADE415F}.Release|ARM64.ActiveCfg = Release|ARM64
		{C8021F0D-CC7C-4CB3-A4C1-9D862ADE415F}.Release|ARM64.Build.0 = Release|ARM64
		{C8021F0D-CC7C-4CB3-A4C1-9D862ADE415F}.Release|x64.ActiveCfg = Release|x64
		{C8021F0D-CC7C-4CB3-A4C1-9D862ADE415F}.Release|x64.Build.0 = Release|x64
	EndGlobalSection
	GlobalSection(SolutionProperties) = preSolution
		HideSolutionNode = FALSE
	EndGlobalSection
	GlobalSection(ExtensibilityGlobals) = postSolution
		SolutionGuid = {105479AD-3870-437C-8F51-BE80D2A1426D}
	EndGlobalSection
EndGlobal
